
Microsoft Visual Studio Solution File, Format Version 12.00
Project("{FAE04EC0-301F-11D3-BF4B-00C04F79EFBC}") = "GitBig", "GitBig\GitBig.csproj", "{EEF00D7C-56A7-473F-9A9C-B49616312776}"
EndProject
Global
	GlobalSection(SolutionConfigurationPlatforms) = preSolution
		Debug|Any CPU = Debug|Any CPU
		Release|Any CPU = Release|Any CPU
	EndGlobalSection
	GlobalSection(ProjectConfigurationPlatforms) = postSolution
		{EEF00D7C-56A7-473F-9A9C-B49616312776}.Debug|Any CPU.ActiveCfg = Debug|Any CPU
		{EEF00D7C-56A7-473F-9A9C-B49616312776}.Debug|Any CPU.Build.0 = Debug|Any CPU
		{EEF00D7C-56A7-473F-9A9C-B49616312776}.Release|Any CPU.ActiveCfg = Release|Any CPU
		{EEF00D7C-56A7-473F-9A9C-B49616312776}.Release|Any CPU.Build.0 = Release|Any CPU
	EndGlobalSection
EndGlobal
